
Microsoft Visual Studio Solution File, Format Version 12.00
# Visual Studio Version 17
VisualStudioVersion = 17.9.34622.214
MinimumVisualStudioVersion = 10.0.40219.1
Project("{FAE04EC0-301F-11D3-BF4B-00C04F79EFBC}") = "TrinhVanManh_winform", "TrinhVanManh_winform\TrinhVanManh_winform.csproj", "{AE6F586E-C4B0-4CBD-A76A-8D1322D18E87}"
EndProject
Global
	GlobalSection(SolutionConfigurationPlatforms) = preSolution
		Debug|Any CPU = Debug|Any CPU
		Release|Any CPU = Release|Any CPU
	EndGlobalSection
	GlobalSection(ProjectConfigurationPlatforms) = postSolution
		{AE6F586E-C4B0-4CBD-A76A-8D1322D18E87}.Debug|Any CPU.ActiveCfg = Debug|Any CPU
		{AE6F586E-C4B0-4CBD-A76A-8D1322D18E87}.Debug|Any CPU.Build.0 = Debug|Any CPU
		{AE6F586E-C4B0-4CBD-A76A-8D1322D18E87}.Release|Any CPU.ActiveCfg = Release|Any CPU
		{AE6F586E-C4B0-4CBD-A76A-8D1322D18E87}.Release|Any CPU.Build.0 = Release|Any CPU
	EndGlobalSection
	GlobalSection(SolutionProperties) = preSolution
		HideSolutionNode = FALSE
	EndGlobalSection
	GlobalSection(ExtensibilityGlobals) = postSolution
		SolutionGuid = {29DD6B44-69A8-40E8-B0B9-0521121CF5B0}
	EndGlobalSection
EndGlobal
