
Microsoft Visual Studio Solution File, Format Version 12.00
# Visual Studio Version 17
VisualStudioVersion = 17.9.34622.214
MinimumVisualStudioVersion = 10.0.40219.1
Project("{FAE04EC0-301F-11D3-BF4B-00C04F79EFBC}") = "bai1mang1chieu", "bai1mang1chieu\bai1mang1chieu.csproj", "{175C0B50-2E9E-4B1E-8A80-8698D1C67250}"
EndProject
Global
	GlobalSection(SolutionConfigurationPlatforms) = preSolution
		Debug|Any CPU = Debug|Any CPU
		Release|Any CPU = Release|Any CPU
	EndGlobalSection
	GlobalSection(ProjectConfigurationPlatforms) = postSolution
		{175C0B50-2E9E-4B1E-8A80-8698D1C67250}.Debug|Any CPU.ActiveCfg = Debug|Any CPU
		{175C0B50-2E9E-4B1E-8A80-8698D1C67250}.Debug|Any CPU.Build.0 = Debug|Any CPU
		{175C0B50-2E9E-4B1E-8A80-8698D1C67250}.Release|Any CPU.ActiveCfg = Release|Any CPU
		{175C0B50-2E9E-4B1E-8A80-8698D1C67250}.Release|Any CPU.Build.0 = Release|Any CPU
	EndGlobalSection
	GlobalSection(SolutionProperties) = preSolution
		HideSolutionNode = FALSE
	EndGlobalSection
	GlobalSection(ExtensibilityGlobals) = postSolution
		SolutionGuid = {A37890A8-1DDF-453C-9101-9B0826702871}
	EndGlobalSection
EndGlobal
