
Microsoft Visual Studio Solution File, Format Version 12.00
# Visual Studio Version 17
VisualStudioVersion = 17.9.34622.214
MinimumVisualStudioVersion = 10.0.40219.1
Project("{FAE04EC0-301F-11D3-BF4B-00C04F79EFBC}") = "sang1chieu", "sang1chieu\sang1chieu.csproj", "{193A7A3E-4350-4957-B39A-3DB366F408BB}"
EndProject
Global
	GlobalSection(SolutionConfigurationPlatforms) = preSolution
		Debug|Any CPU = Debug|Any CPU
		Release|Any CPU = Release|Any CPU
	EndGlobalSection
	GlobalSection(ProjectConfigurationPlatforms) = postSolution
		{193A7A3E-4350-4957-B39A-3DB366F408BB}.Debug|Any CPU.ActiveCfg = Debug|Any CPU
		{193A7A3E-4350-4957-B39A-3DB366F408BB}.Debug|Any CPU.Build.0 = Debug|Any CPU
		{193A7A3E-4350-4957-B39A-3DB366F408BB}.Release|Any CPU.ActiveCfg = Release|Any CPU
		{193A7A3E-4350-4957-B39A-3DB366F408BB}.Release|Any CPU.Build.0 = Release|Any CPU
	EndGlobalSection
	GlobalSection(SolutionProperties) = preSolution
		HideSolutionNode = FALSE
	EndGlobalSection
	GlobalSection(ExtensibilityGlobals) = postSolution
		SolutionGuid = {78136158-1857-48AC-AAB6-D36C24006DE0}
	EndGlobalSection
EndGlobal
